{
	"name": "projet-ecmmerce",
	"version": "1.0.0",
	"lockfileVersion": 2,
	"requires": true,
	"packages": {
		"": {
			"name": "projet-ecmmerce",
			"version": "1.0.0",
			"license": "ISC",
			"dependencies": {
				"log-to-file": "^2.0.2"
			}
		},
		"node_modules/log-to-file": {
			"version": "2.0.2",
			"resolved": "https://registry.npmjs.org/log-to-file/-/log-to-file-2.0.2.tgz",
			"integrity": "sha512-vEu5phQL1/RvgoPwcyiVO/GJnYiB3m5weri/I/8EUxt9yZcWHVzmpmV+cyO0EOxrWmcFZUkTcxLRWyRmYLouQA=="
		}
	},
	"dependencies": {
		"log-to-file": {
			"version": "2.0.2",
			"resolved": "https://registry.npmjs.org/log-to-file/-/log-to-file-2.0.2.tgz",
			"integrity": "sha512-vEu5phQL1/RvgoPwcyiVO/GJnYiB3m5weri/I/8EUxt9yZcWHVzmpmV+cyO0EOxrWmcFZUkTcxLRWyRmYLouQA=="
		}
	}
}
